
Microsoft Visual Studio Solution File, Format Version 12.00
# Visual Studio Version 17
VisualStudioVersion = 17.10.34928.147
MinimumVisualStudioVersion = 10.0.40219.1
Project("{9A19103F-16F7-4668-BE54-9A1E7A4F7556}") = "Teste.AM53.Domain", "Teste.AM53.Domain\Teste.AM53.Domain.csproj", "{62C0858E-C229-472C-8112-19E5C41344BE}"
EndProject
Project("{9A19103F-16F7-4668-BE54-9A1E7A4F7556}") = "Teste.AM53.Infrastructure", "Teste.AM53.Infrastructure\Teste.AM53.Infrastructure.csproj", "{32334FBB-6E47-47E6-815D-A1A6A5B91490}"
EndProject
Project("{FAE04EC0-301F-11D3-BF4B-00C04F79EFBC}") = "Teste.AM53.Application", "Teste.AM53.Application\Teste.AM53.Application.csproj", "{9DF2642C-4B7C-4B6F-8616-F240FB66D26E}"
EndProject
Project("{FAE04EC0-301F-11D3-BF4B-00C04F79EFBC}") = "Teste.AM53.CrossCutting", "Teste.AM53.CrossCutting\Teste.AM53.CrossCutting.csproj", "{17A07F18-3541-4285-8288-9C7523F387A1}"
EndProject
Project("{FAE04EC0-301F-11D3-BF4B-00C04F79EFBC}") = "Teste.AM53.API", "Teste.AM53.API\Teste.AM53.API.csproj", "{99802920-8774-4D43-8D82-515EB9103023}"
EndProject
Global
	GlobalSection(SolutionConfigurationPlatforms) = preSolution
		Debug|Any CPU = Debug|Any CPU
		Release|Any CPU = Release|Any CPU
	EndGlobalSection
	GlobalSection(ProjectConfigurationPlatforms) = postSolution
		{62C0858E-C229-472C-8112-19E5C41344BE}.Debug|Any CPU.ActiveCfg = Debug|Any CPU
		{62C0858E-C229-472C-8112-19E5C41344BE}.Debug|Any CPU.Build.0 = Debug|Any CPU
		{62C0858E-C229-472C-8112-19E5C41344BE}.Release|Any CPU.ActiveCfg = Release|Any CPU
		{62C0858E-C229-472C-8112-19E5C41344BE}.Release|Any CPU.Build.0 = Release|Any CPU
		{32334FBB-6E47-47E6-815D-A1A6A5B91490}.Debug|Any CPU.ActiveCfg = Debug|Any CPU
		{32334FBB-6E47-47E6-815D-A1A6A5B91490}.Debug|Any CPU.Build.0 = Debug|Any CPU
		{32334FBB-6E47-47E6-815D-A1A6A5B91490}.Release|Any CPU.ActiveCfg = Release|Any CPU
		{32334FBB-6E47-47E6-815D-A1A6A5B91490}.Release|Any CPU.Build.0 = Release|Any CPU
		{9DF2642C-4B7C-4B6F-8616-F240FB66D26E}.Debug|Any CPU.ActiveCfg = Debug|Any CPU
		{9DF2642C-4B7C-4B6F-8616-F240FB66D26E}.Debug|Any CPU.Build.0 = Debug|Any CPU
		{9DF2642C-4B7C-4B6F-8616-F240FB66D26E}.Release|Any CPU.ActiveCfg = Release|Any CPU
		{9DF2642C-4B7C-4B6F-8616-F240FB66D26E}.Release|Any CPU.Build.0 = Release|Any CPU
		{17A07F18-3541-4285-8288-9C7523F387A1}.Debug|Any CPU.ActiveCfg = Debug|Any CPU
		{17A07F18-3541-4285-8288-9C7523F387A1}.Debug|Any CPU.Build.0 = Debug|Any CPU
		{17A07F18-3541-4285-8288-9C7523F387A1}.Release|Any CPU.ActiveCfg = Release|Any CPU
		{17A07F18-3541-4285-8288-9C7523F387A1}.Release|Any CPU.Build.0 = Release|Any CPU
		{99802920-8774-4D43-8D82-515EB9103023}.Debug|Any CPU.ActiveCfg = Debug|Any CPU
		{99802920-8774-4D43-8D82-515EB9103023}.Debug|Any CPU.Build.0 = Debug|Any CPU
		{99802920-8774-4D43-8D82-515EB9103023}.Release|Any CPU.ActiveCfg = Release|Any CPU
		{99802920-8774-4D43-8D82-515EB9103023}.Release|Any CPU.Build.0 = Release|Any CPU
	EndGlobalSection
	GlobalSection(SolutionProperties) = preSolution
		HideSolutionNode = FALSE
	EndGlobalSection
	GlobalSection(ExtensibilityGlobals) = postSolution
		SolutionGuid = {5ACD5B17-8CE5-4B17-B6BB-FA7F6F4225F9}
	EndGlobalSection
EndGlobal
